
Microsoft Visual Studio Solution File, Format Version 12.00
# Visual Studio Version 17
VisualStudioVersion = 17.8.34330.188
MinimumVisualStudioVersion = 10.0.40219.1
Project("{FAE04EC0-301F-11D3-BF4B-00C04F79EFBC}") = "GitActionWFAPP", "GitActionWFAPP\GitActionWFAPP.csproj", "{501D1F09-9947-4D48-980A-639966A40BB9}"
EndProject
Global
	GlobalSection(SolutionConfigurationPlatforms) = preSolution
		Debug|Any CPU = Debug|Any CPU
		Release|Any CPU = Release|Any CPU
	EndGlobalSection
	GlobalSection(ProjectConfigurationPlatforms) = postSolution
		{501D1F09-9947-4D48-980A-639966A40BB9}.Debug|Any CPU.ActiveCfg = Debug|Any CPU
		{501D1F09-9947-4D48-980A-639966A40BB9}.Debug|Any CPU.Build.0 = Debug|Any CPU
		{501D1F09-9947-4D48-980A-639966A40BB9}.Release|Any CPU.ActiveCfg = Release|Any CPU
		{501D1F09-9947-4D48-980A-639966A40BB9}.Release|Any CPU.Build.0 = Release|Any CPU
	EndGlobalSection
	GlobalSection(SolutionProperties) = preSolution
		HideSolutionNode = FALSE
	EndGlobalSection
	GlobalSection(ExtensibilityGlobals) = postSolution
		SolutionGuid = {ADF4F76B-30C1-4C99-A185-63E6E621D116}
	EndGlobalSection
EndGlobal
